// !$*UTF8*$!
{
	archiveVersion = 1;
	classes = {
	};
	objectVersion = 77;
	objects = {

/* Begin PBXContainerItemProxy section */
		FF3C3CF72D39AD1700E97280 /* PBXContainerItemProxy */ = {
			isa = PBXContainerItemProxy;
			containerPortal = FF3C3CDC2D39AD1500E97280 /* Project object */;
			proxyType = 1;
			remoteGlobalIDString = FF3C3CE32D39AD1500E97280;
			remoteInfo = MaxxWindSurf;
		};
		FF3C3D012D39AD1700E97280 /* PBXContainerItemProxy */ = {
			isa = PBXContainerItemProxy;
			containerPortal = FF3C3CDC2D39AD1500E97280 /* Project object */;
			proxyType = 1;
			remoteGlobalIDString = FF3C3CE32D39AD1500E97280;
			remoteInfo = MaxxWindSurf;
		};
/* End PBXContainerItemProxy section */

/* Begin PBXFileReference section */
		FF3C3CE42D39AD1500E97280 /* MaxxWindSurf.app */ = {isa = PBXFileReference; explicitFileType = wrapper.application; includeInIndex = 0; path = MaxxWindSurf.app; sourceTree = BUILT_PRODUCTS_DIR; };
		FF3C3CF62D39AD1700E97280 /* MaxxWindSurfTests.xctest */ = {isa = PBXFileReference; explicitFileType = wrapper.cfbundle; includeInIndex = 0; path = MaxxWindSurfTests.xctest; sourceTree = BUILT_PRODUCTS_DIR; };
		FF3C3D002D39AD1700E97280 /* MaxxWindSurfUITests.xctest */ = {isa = PBXFileReference; explicitFileType = wrapper.cfbundle; includeInIndex = 0; path = MaxxWindSurfUITests.xctest; sourceTree = BUILT_PRODUCTS_DIR; };
/* End PBXFileReference section */

/* Begin PBXFileSystemSynchronizedRootGroup section */
		FF3C3CE62D39AD1500E97280 /* MaxxWindSurf */ = {
			isa = PBXFileSystemSynchronizedRootGroup;
			path = MaxxWindSurf;
			sourceTree = "<group>";
		};
		FF3C3CF92D39AD1700E97280 /* MaxxWindSurfTests */ = {
			isa = PBXFileSystemSynchronizedRootGroup;
			path = MaxxWindSurfTests;
			sourceTree = "<group>";
		};
		FF3C3D032D39AD1700E97280 /* MaxxWindSurfUITests */ = {
			isa = PBXFileSystemSynchronizedRootGroup;
			path = MaxxWindSurfUITests;
			sourceTree = "<group>";
		};
/* End PBXFileSystemSynchronizedRootGroup section */

/* Begin PBXFrameworksBuildPhase section */
		FF3C3CE12D39AD1500E97280 /* Frameworks */ = {
			isa = PBXFrameworksBuildPhase;
			buildActionMask = 2147483647;
			files = (
			);
			runOnlyForDeploymentPostprocessing = 0;
		};
		FF3C3CF32D39AD1700E97280 /* Frameworks */ = {
			isa = PBXFrameworksBuildPhase;
			buildActionMask = 2147483647;
			files = (
			);
			runOnlyForDeploymentPostprocessing = 0;
		};
		FF3C3CFD2D39AD1700E97280 /* Frameworks */ = {
			isa = PBXFrameworksBuildPhase;
			buildActionMask = 2147483647;
			files = (
			);
			runOnlyForDeploymentPostprocessing = 0;
		};
/* End PBXFrameworksBuildPhase section */

/* Begin PBXGroup section */
		FF3C3CDB2D39AD1500E97280 = {
			isa = PBXGroup;
			children = (
				FF3C3CE62D39AD1500E97280 /* MaxxWindSurf */,
				FF3C3CF92D39AD1700E97280 /* MaxxWindSurfTests */,
				FF3C3D032D39AD1700E97280 /* MaxxWindSurfUITests */,
				FF3C3CE52D39AD1500E97280 /* Products */,
			);
			sourceTree = "<group>";
		};
		FF3C3CE52D39AD1500E97280 /* Products */ = {
			isa = PBXGroup;
			children = (
				FF3C3CE42D39AD1500E97280 /* MaxxWindSurf.app */,
				FF3C3CF62D39AD1700E97280 /* MaxxWindSurfTests.xctest */,
				FF3C3D002D39AD1700E97280 /* MaxxWindSurfUITests.xctest */,
			);
			name = Products;
			sourceTree = "<group>";
		};
/* End PBXGroup section */

/* Begin PBXNativeTarget section */
		FF3C3CE32D39AD1500E97280 /* MaxxWindSurf */ = {
			isa = PBXNativeTarget;
			buildConfigurationList = FF3C3D0A2D39AD1700E97280 /* Build configuration list for PBXNativeTarget "MaxxWindSurf" */;
			buildPhases = (
				FF3C3CE02D39AD1500E97280 /* Sources */,
				FF3C3CE12D39AD1500E97280 /* Frameworks */,
				FF3C3CE22D39AD1500E97280 /* Resources */,
			);
			buildRules = (
			);
			dependencies = (
			);
			fileSystemSynchronizedGroups = (
				FF3C3CE62D39AD1500E97280 /* MaxxWindSurf */,
			);
			name = MaxxWindSurf;
			packageProductDependencies = (
			);
			productName = MaxxWindSurf;
			productReference = FF3C3CE42D39AD1500E97280 /* MaxxWindSurf.app */;
			productType = "com.apple.product-type.application";
		};
		FF3C3CF52D39AD1700E97280 /* MaxxWindSurfTests */ = {
			isa = PBXNativeTarget;
			buildConfigurationList = FF3C3D0D2D39AD1700E97280 /* Build configuration list for PBXNativeTarget "MaxxWindSurfTests" */;
			buildPhases = (
				FF3C3CF22D39AD1700E97280 /* Sources */,
				FF3C3CF32D39AD1700E97280 /* Frameworks */,
				FF3C3CF42D39AD1700E97280 /* Resources */,
			);
			buildRules = (
			);
			dependencies = (
				FF3C3CF82D39AD1700E97280 /* PBXTargetDependency */,
			);
			fileSystemSynchronizedGroups = (
				FF3C3CF92D39AD1700E97280 /* MaxxWindSurfTests */,
			);
			name = MaxxWindSurfTests;
			packageProductDependencies = (
			);
			productName = MaxxWindSurfTests;
			productReference = FF3C3CF62D39AD1700E97280 /* MaxxWindSurfTests.xctest */;
			productType = "com.apple.product-type.bundle.unit-test";
		};
		FF3C3CFF2D39AD1700E97280 /* MaxxWindSurfUITests */ = {
			isa = PBXNativeTarget;
			buildConfigurationList = FF3C3D102D39AD1700E97280 /* Build configuration list for PBXNativeTarget "MaxxWindSurfUITests" */;
			buildPhases = (
				FF3C3CFC2D39AD1700E97280 /* Sources */,
				FF3C3CFD2D39AD1700E97280 /* Frameworks */,
				FF3C3CFE2D39AD1700E97280 /* Resources */,
			);
			buildRules = (
			);
			dependencies = (
				FF3C3D022D39AD1700E97280 /* PBXTargetDependency */,
			);
			fileSystemSynchronizedGroups = (
				FF3C3D032D39AD1700E97280 /* MaxxWindSurfUITests */,
			);
			name = MaxxWindSurfUITests;
			packageProductDependencies = (
			);
			productName = MaxxWindSurfUITests;
			productReference = FF3C3D002D39AD1700E97280 /* MaxxWindSurfUITests.xctest */;
			productType = "com.apple.product-type.bundle.ui-testing";
		};
/* End PBXNativeTarget section */

/* Begin PBXProject section */
		FF3C3CDC2D39AD1500E97280 /* Project object */ = {
			isa = PBXProject;
			attributes = {
				BuildIndependentTargetsInParallel = 1;
				LastSwiftUpdateCheck = 1610;
				LastUpgradeCheck = 1610;
				TargetAttributes = {
					FF3C3CE32D39AD1500E97280 = {
						CreatedOnToolsVersion = 16.1;
					};
					FF3C3CF52D39AD1700E97280 = {
						CreatedOnToolsVersion = 16.1;
						TestTargetID = FF3C3CE32D39AD1500E97280;
					};
					FF3C3CFF2D39AD1700E97280 = {
						CreatedOnToolsVersion = 16.1;
						TestTargetID = FF3C3CE32D39AD1500E97280;
					};
				};
			};
			buildConfigurationList = FF3C3CDF2D39AD1500E97280 /* Build configuration list for PBXProject "MaxxWindSurf" */;
			developmentRegion = en;
			hasScannedForEncodings = 0;
			knownRegions = (
				en,
				Base,
			);
			mainGroup = FF3C3CDB2D39AD1500E97280;
			minimizedProjectReferenceProxies = 1;
			preferredProjectObjectVersion = 77;
			productRefGroup = FF3C3CE52D39AD1500E97280 /* Products */;
			projectDirPath = "";
			projectRoot = "";
			targets = (
				FF3C3CE32D39AD1500E97280 /* MaxxWindSurf */,
				FF3C3CF52D39AD1700E97280 /* MaxxWindSurfTests */,
				FF3C3CFF2D39AD1700E97280 /* MaxxWindSurfUITests */,
			);
		};
/* End PBXProject section */

/* Begin PBXResourcesBuildPhase section */
		FF3C3CE22D39AD1500E97280 /* Resources */ = {
			isa = PBXResourcesBuildPhase;
			buildActionMask = 2147483647;
			files = (
			);
			runOnlyForDeploymentPostprocessing = 0;
		};
		FF3C3CF42D39AD1700E97280 /* Resources */ = {
			isa = PBXResourcesBuildPhase;
			buildActionMask = 2147483647;
			files = (
			);
			runOnlyForDeploymentPostprocessing = 0;
		};
		FF3C3CFE2D39AD1700E97280 /* Resources */ = {
			isa = PBXResourcesBuildPhase;
			buildActionMask = 2147483647;
			files = (
			);
			runOnlyForDeploymentPostprocessing = 0;
		};
/* End PBXResourcesBuildPhase section */

/* Begin PBXSourcesBuildPhase section */
		FF3C3CE02D39AD1500E97280 /* Sources */ = {
			isa = PBXSourcesBuildPhase;
			buildActionMask = 2147483647;
			files = (
			);
			runOnlyForDeploymentPostprocessing = 0;
		};
		FF3C3CF22D39AD1700E97280 /* Sources */ = {
			isa = PBXSourcesBuildPhase;
			buildActionMask = 2147483647;
			files = (
			);
			runOnlyForDeploymentPostprocessing = 0;
		};
		FF3C3CFC2D39AD1700E97280 /* Sources */ = {
			isa = PBXSourcesBuildPhase;
			buildActionMask = 2147483647;
			files = (
			);
			runOnlyForDeploymentPostprocessing = 0;
		};
/* End PBXSourcesBuildPhase section */

/* Begin PBXTargetDependency section */
		FF3C3CF82D39AD1700E97280 /* PBXTargetDependency */ = {
			isa = PBXTargetDependency;
			target = FF3C3CE32D39AD1500E97280 /* MaxxWindSurf */;
			targetProxy = FF3C3CF72D39AD1700E97280 /* PBXContainerItemProxy */;
		};
		FF3C3D022D39AD1700E97280 /* PBXTargetDependency */ = {
			isa = PBXTargetDependency;
			target = FF3C3CE32D39AD1500E97280 /* MaxxWindSurf */;
			targetProxy = FF3C3D012D39AD1700E97280 /* PBXContainerItemProxy */;
		};
/* End PBXTargetDependency section */

/* Begin XCBuildConfiguration section */
		FF3C3D082D39AD1700E97280 /* Debug */ = {
			isa = XCBuildConfiguration;
			buildSettings = {
				ALWAYS_SEARCH_USER_PATHS = NO;
				ASSETCATALOG_COMPILER_GENERATE_SWIFT_ASSET_SYMBOL_EXTENSIONS = YES;
				CLANG_ANALYZER_NONNULL = YES;
				CLANG_ANALYZER_NUMBER_OBJECT_CONVERSION = YES_AGGRESSIVE;
				CLANG_CXX_LANGUAGE_STANDARD = "gnu++20";
				CLANG_ENABLE_MODULES = YES;
				CLANG_ENABLE_OBJC_ARC = YES;
				CLANG_ENABLE_OBJC_WEAK = YES;
				CLANG_WARN_BLOCK_CAPTURE_AUTORELEASING = YES;
				CLANG_WARN_BOOL_CONVERSION = YES;
				CLANG_WARN_COMMA = YES;
				CLANG_WARN_CONSTANT_CONVERSION = YES;
				CLANG_WARN_DEPRECATED_OBJC_IMPLEMENTATIONS = YES;
				CLANG_WARN_DIRECT_OBJC_ISA_USAGE = YES_ERROR;
				CLANG_WARN_DOCUMENTATION_COMMENTS = YES;
				CLANG_WARN_EMPTY_BODY = YES;
				CLANG_WARN_ENUM_CONVERSION = YES;
				CLANG_WARN_INFINITE_RECURSION = YES;
				CLANG_WARN_INT_CONVERSION = YES;
				CLANG_WARN_NON_LITERAL_NULL_CONVERSION = YES;
				CLANG_WARN_OBJC_IMPLICIT_RETAIN_SELF = YES;
				CLANG_WARN_OBJC_LITERAL_CONVERSION = YES;
				CLANG_WARN_OBJC_ROOT_CLASS = YES_ERROR;
				CLANG_WARN_QUOTED_INCLUDE_IN_FRAMEWORK_HEADER = YES;
				CLANG_WARN_RANGE_LOOP_ANALYSIS = YES;
				CLANG_WARN_STRICT_PROTOTYPES = YES;
				CLANG_WARN_SUSPICIOUS_MOVE = YES;
				CLANG_WARN_UNGUARDED_AVAILABILITY = YES_AGGRESSIVE;
				CLANG_WARN_UNREACHABLE_CODE = YES;
				CLANG_WARN__DUPLICATE_METHOD_MATCH = YES;
				COPY_PHASE_STRIP = NO;
				DEBUG_INFORMATION_FORMAT = dwarf;
				ENABLE_STRICT_OBJC_MSGSEND = YES;
				ENABLE_TESTABILITY = YES;
				ENABLE_USER_SCRIPT_SANDBOXING = YES;
				GCC_C_LANGUAGE_STANDARD = gnu17;
				GCC_DYNAMIC_NO_PIC = NO;
				GCC_NO_COMMON_BLOCKS = YES;
				GCC_OPTIMIZATION_LEVEL = 0;
				GCC_PREPROCESSOR_DEFINITIONS = (
					"DEBUG=1",
					"$(inherited)",
				);
				GCC_WARN_64_TO_32_BIT_CONVERSION = YES;
				GCC_WARN_ABOUT_RETURN_TYPE = YES_ERROR;
				GCC_WARN_UNDECLARED_SELECTOR = YES;
				GCC_WARN_UNINITIALIZED_AUTOS = YES_AGGRESSIVE;
				GCC_WARN_UNUSED_FUNCTION = YES;
				GCC_WARN_UNUSED_VARIABLE = YES;
				IPHONEOS_DEPLOYMENT_TARGET = 18.1;
				LOCALIZATION_PREFERS_STRING_CATALOGS = YES;
				MTL_ENABLE_DEBUG_INFO = INCLUDE_SOURCE;
				MTL_FAST_MATH = YES;
				ONLY_ACTIVE_ARCH = YES;
				SDKROOT = iphoneos;
				SWIFT_ACTIVE_COMPILATION_CONDITIONS = "DEBUG $(inherited)";
				SWIFT_OPTIMIZATION_LEVEL = "-Onone";
			};
			name = Debug;
		};
		FF3C3D092D39AD1700E97280 /* Release */ = {
			isa = XCBuildConfiguration;
			buildSettings = {
				ALWAYS_SEARCH_USER_PATHS = NO;
				ASSETCATALOG_COMPILER_GENERATE_SWIFT_ASSET_SYMBOL_EXTENSIONS = YES;
				CLANG_ANALYZER_NONNULL = YES;
				CLANG_ANALYZER_NUMBER_OBJECT_CONVERSION = YES_AGGRESSIVE;
				CLANG_CXX_LANGUAGE_STANDARD = "gnu++20";
				CLANG_ENABLE_MODULES = YES;
				CLANG_ENABLE_OBJC_ARC = YES;
				CLANG_ENABLE_OBJC_WEAK = YES;
				CLANG_WARN_BLOCK_CAPTURE_AUTORELEASING = YES;
				CLANG_WARN_BOOL_CONVERSION = YES;
				CLANG_WARN_COMMA = YES;
				CLANG_WARN_CONSTANT_CONVERSION = YES;
				CLANG_WARN_DEPRECATED_OBJC_IMPLEMENTATIONS = YES;
				CLANG_WARN_DIRECT_OBJC_ISA_USAGE = YES_ERROR;
				CLANG_WARN_DOCUMENTATION_COMMENTS = YES;
				CLANG_WARN_EMPTY_BODY = YES;
				CLANG_WARN_ENUM_CONVERSION = YES;
				CLANG_WARN_INFINITE_RECURSION = YES;
				CLANG_WARN_INT_CONVERSION = YES;
				CLANG_WARN_NON_LITERAL_NULL_CONVERSION = YES;
				CLANG_WARN_OBJC_IMPLICIT_RETAIN_SELF = YES;
				CLANG_WARN_OBJC_LITERAL_CONVERSION = YES;
				CLANG_WARN_OBJC_ROOT_CLASS = YES_ERROR;
				CLANG_WARN_QUOTED_INCLUDE_IN_FRAMEWORK_HEADER = YES;
				CLANG_WARN_RANGE_LOOP_ANALYSIS = YES;
				CLANG_WARN_STRICT_PROTOTYPES = YES;
				CLANG_WARN_SUSPICIOUS_MOVE = YES;
				CLANG_WARN_UNGUARDED_AVAILABILITY = YES_AGGRESSIVE;
				CLANG_WARN_UNREACHABLE_CODE = YES;
				CLANG_WARN__DUPLICATE_METHOD_MATCH = YES;
				COPY_PHASE_STRIP = NO;
				DEBUG_INFORMATION_FORMAT = "dwarf-with-dsym";
				ENABLE_NS_ASSERTIONS = NO;
				ENABLE_STRICT_OBJC_MSGSEND = YES;
				ENABLE_USER_SCRIPT_SANDBOXING = YES;
				GCC_C_LANGUAGE_STANDARD = gnu17;
				GCC_NO_COMMON_BLOCKS = YES;
				GCC_WARN_64_TO_32_BIT_CONVERSION = YES;
				GCC_WARN_ABOUT_RETURN_TYPE = YES_ERROR;
				GCC_WARN_UNDECLARED_SELECTOR = YES;
				GCC_WARN_UNINITIALIZED_AUTOS = YES_AGGRESSIVE;
				GCC_WARN_UNUSED_FUNCTION = YES;
				GCC_WARN_UNUSED_VARIABLE = YES;
				IPHONEOS_DEPLOYMENT_TARGET = 18.1;
				LOCALIZATION_PREFERS_STRING_CATALOGS = YES;
				MTL_ENABLE_DEBUG_INFO = NO;
				MTL_FAST_MATH = YES;
				SDKROOT = iphoneos;
				SWIFT_COMPILATION_MODE = wholemodule;
				VALIDATE_PRODUCT = YES;
			};
			name = Release;
		};
		FF3C3D0B2D39AD1700E97280 /* Debug */ = {
			isa = XCBuildConfiguration;
			buildSettings = {
				ASSETCATALOG_COMPILER_APPICON_NAME = AppIcon;
				ASSETCATALOG_COMPILER_GLOBAL_ACCENT_COLOR_NAME = AccentColor;
				CODE_SIGN_STYLE = Automatic;
				CURRENT_PROJECT_VERSION = 1;
				DEVELOPMENT_ASSET_PATHS = "\"MaxxWindSurf/Preview Content\"";
				ENABLE_PREVIEWS = YES;
				GENERATE_INFOPLIST_FILE = YES;
				INFOPLIST_KEY_UIApplicationSceneManifest_Generation = YES;
				INFOPLIST_KEY_UIApplicationSupportsIndirectInputEvents = YES;
				INFOPLIST_KEY_UILaunchScreen_Generation = YES;
				INFOPLIST_KEY_UISupportedInterfaceOrientations_iPad = "UIInterfaceOrientationPortrait UIInterfaceOrientationPortraitUpsideDown UIInterfaceOrientationLandscapeLeft UIInterfaceOrientationLandscapeRight";
				INFOPLIST_KEY_UISupportedInterfaceOrientations_iPhone = "UIInterfaceOrientationPortrait UIInterfaceOrientationLandscapeLeft UIInterfaceOrientationLandscapeRight";
				LD_RUNPATH_SEARCH_PATHS = (
					"$(inherited)",
					"@executable_path/Frameworks",
				);
				MARKETING_VERSION = 1.0;
				PRODUCT_BUNDLE_IDENTIFIER = com.cale.MaxxWindSurf;
				PRODUCT_NAME = "$(TARGET_NAME)";
				SWIFT_EMIT_LOC_STRINGS = YES;
				SWIFT_VERSION = 5.0;
				TARGETED_DEVICE_FAMILY = "1,2";
			};
			name = Debug;
		};
		FF3C3D0C2D39AD1700E97280 /* Release */ = {
			isa = XCBuildConfiguration;
			buildSettings = {
				ASSETCATALOG_COMPILER_APPICON_NAME = AppIcon;
				ASSETCATALOG_COMPILER_GLOBAL_ACCENT_COLOR_NAME = AccentColor;
				CODE_SIGN_STYLE = Automatic;
				CURRENT_PROJECT_VERSION = 1;
				DEVELOPMENT_ASSET_PATHS = "\"MaxxWindSurf/Preview Content\"";
				ENABLE_PREVIEWS = YES;
				GENERATE_INFOPLIST_FILE = YES;
				INFOPLIST_KEY_UIApplicationSceneManifest_Generation = YES;
				INFOPLIST_KEY_UIApplicationSupportsIndirectInputEvents = YES;
				INFOPLIST_KEY_UILaunchScreen_Generation = YES;
				INFOPLIST_KEY_UISupportedInterfaceOrientations_iPad = "UIInterfaceOrientationPortrait UIInterfaceOrientationPortraitUpsideDown UIInterfaceOrientationLandscapeLeft UIInterfaceOrientationLandscapeRight";
				INFOPLIST_KEY_UISupportedInterfaceOrientations_iPhone = "UIInterfaceOrientationPortrait UIInterfaceOrientationLandscapeLeft UIInterfaceOrientationLandscapeRight";
				LD_RUNPATH_SEARCH_PATHS = (
					"$(inherited)",
					"@executable_path/Frameworks",
				);
				MARKETING_VERSION = 1.0;
				PRODUCT_BUNDLE_IDENTIFIER = com.cale.MaxxWindSurf;
				PRODUCT_NAME = "$(TARGET_NAME)";
				SWIFT_EMIT_LOC_STRINGS = YES;
				SWIFT_VERSION = 5.0;
				TARGETED_DEVICE_FAMILY = "1,2";
			};
			name = Release;
		};
		FF3C3D0E2D39AD1700E97280 /* Debug */ = {
			isa = XCBuildConfiguration;
			buildSettings = {
				BUNDLE_LOADER = "$(TEST_HOST)";
				CODE_SIGN_STYLE = Automatic;
				CURRENT_PROJECT_VERSION = 1;
				GENERATE_INFOPLIST_FILE = YES;
				IPHONEOS_DEPLOYMENT_TARGET = 18.1;
				MARKETING_VERSION = 1.0;
				PRODUCT_BUNDLE_IDENTIFIER = com.cale.MaxxWindSurfTests;
				PRODUCT_NAME = "$(TARGET_NAME)";
				SWIFT_EMIT_LOC_STRINGS = NO;
				SWIFT_VERSION = 5.0;
				TARGETED_DEVICE_FAMILY = "1,2";
				TEST_HOST = "$(BUILT_PRODUCTS_DIR)/MaxxWindSurf.app/$(BUNDLE_EXECUTABLE_FOLDER_PATH)/MaxxWindSurf";
			};
			name = Debug;
		};
		FF3C3D0F2D39AD1700E97280 /* Release */ = {
			isa = XCBuildConfiguration;
			buildSettings = {
				BUNDLE_LOADER = "$(TEST_HOST)";
				CODE_SIGN_STYLE = Automatic;
				CURRENT_PROJECT_VERSION = 1;
				GENERATE_INFOPLIST_FILE = YES;
				IPHONEOS_DEPLOYMENT_TARGET = 18.1;
				MARKETING_VERSION = 1.0;
				PRODUCT_BUNDLE_IDENTIFIER = com.cale.MaxxWindSurfTests;
				PRODUCT_NAME = "$(TARGET_NAME)";
				SWIFT_EMIT_LOC_STRINGS = NO;
				SWIFT_VERSION = 5.0;
				TARGETED_DEVICE_FAMILY = "1,2";
				TEST_HOST = "$(BUILT_PRODUCTS_DIR)/MaxxWindSurf.app/$(BUNDLE_EXECUTABLE_FOLDER_PATH)/MaxxWindSurf";
			};
			name = Release;
		};
		FF3C3D112D39AD1700E97280 /* Debug */ = {
			isa = XCBuildConfiguration;
			buildSettings = {
				CODE_SIGN_STYLE = Automatic;
				CURRENT_PROJECT_VERSION = 1;
				GENERATE_INFOPLIST_FILE = YES;
				MARKETING_VERSION = 1.0;
				PRODUCT_BUNDLE_IDENTIFIER = com.cale.MaxxWindSurfUITests;
				PRODUCT_NAME = "$(TARGET_NAME)";
				SWIFT_EMIT_LOC_STRINGS = NO;
				SWIFT_VERSION = 5.0;
				TARGETED_DEVICE_FAMILY = "1,2";
				TEST_TARGET_NAME = MaxxWindSurf;
			};
			name = Debug;
		};
		FF3C3D122D39AD1700E97280 /* Release */ = {
			isa = XCBuildConfiguration;
			buildSettings = {
				CODE_SIGN_STYLE = Automatic;
				CURRENT_PROJECT_VERSION = 1;
				GENERATE_INFOPLIST_FILE = YES;
				MARKETING_VERSION = 1.0;
				PRODUCT_BUNDLE_IDENTIFIER = com.cale.MaxxWindSurfUITests;
				PRODUCT_NAME = "$(TARGET_NAME)";
				SWIFT_EMIT_LOC_STRINGS = NO;
				SWIFT_VERSION = 5.0;
				TARGETED_DEVICE_FAMILY = "1,2";
				TEST_TARGET_NAME = MaxxWindSurf;
			};
			name = Release;
		};
/* End XCBuildConfiguration section */

/* Begin XCConfigurationList section */
		FF3C3CDF2D39AD1500E97280 /* Build configuration list for PBXProject "MaxxWindSurf" */ = {
			isa = XCConfigurationList;
			buildConfigurations = (
				FF3C3D082D39AD1700E97280 /* Debug */,
				FF3C3D092D39AD1700E97280 /* Release */,
			);
			defaultConfigurationIsVisible = 0;
			defaultConfigurationName = Release;
		};
		FF3C3D0A2D39AD1700E97280 /* Build configuration list for PBXNativeTarget "MaxxWindSurf" */ = {
			isa = XCConfigurationList;
			buildConfigurations = (
				FF3C3D0B2D39AD1700E97280 /* Debug */,
				FF3C3D0C2D39AD1700E97280 /* Release */,
			);
			defaultConfigurationIsVisible = 0;
			defaultConfigurationName = Release;
		};
		FF3C3D0D2D39AD1700E97280 /* Build configuration list for PBXNativeTarget "MaxxWindSurfTests" */ = {
			isa = XCConfigurationList;
			buildConfigurations = (
				FF3C3D0E2D39AD1700E97280 /* Debug */,
				FF3C3D0F2D39AD1700E97280 /* Release */,
			);
			defaultConfigurationIsVisible = 0;
			defaultConfigurationName = Release;
		};
		FF3C3D102D39AD1700E97280 /* Build configuration list for PBXNativeTarget "MaxxWindSurfUITests" */ = {
			isa = XCConfigurationList;
			buildConfigurations = (
				FF3C3D112D39AD1700E97280 /* Debug */,
				FF3C3D122D39AD1700E97280 /* Release */,
			);
			defaultConfigurationIsVisible = 0;
			defaultConfigurationName = Release;
		};
/* End XCConfigurationList section */
	};
	rootObject = FF3C3CDC2D39AD1500E97280 /* Project object */;
}
