// !$*UTF8*$!
{
	archiveVersion = 1;
	classes = {
	};
	objectVersion = 77;
	objects = {

/* Begin PBXContainerItemProxy section */
		FF3B2DEE2D0FF015004DFF1D /* PBXContainerItemProxy */ = {
			isa = PBXContainerItemProxy;
			containerPortal = FF3B2DD32D0FF012004DFF1D /* Project object */;
			proxyType = 1;
			remoteGlobalIDString = FF3B2DDA2D0FF012004DFF1D;
			remoteInfo = Trading;
		};
		FF3B2DF82D0FF015004DFF1D /* PBXContainerItemProxy */ = {
			isa = PBXContainerItemProxy;
			containerPortal = FF3B2DD32D0FF012004DFF1D /* Project object */;
			proxyType = 1;
			remoteGlobalIDString = FF3B2DDA2D0FF012004DFF1D;
			remoteInfo = Trading;
		};
/* End PBXContainerItemProxy section */

/* Begin PBXFileReference section */
		FF3B2DDB2D0FF012004DFF1D /* Trading.app */ = {isa = PBXFileReference; explicitFileType = wrapper.application; includeInIndex = 0; path = Trading.app; sourceTree = BUILT_PRODUCTS_DIR; };
		FF3B2DED2D0FF015004DFF1D /* TradingTests.xctest */ = {isa = PBXFileReference; explicitFileType = wrapper.cfbundle; includeInIndex = 0; path = TradingTests.xctest; sourceTree = BUILT_PRODUCTS_DIR; };
		FF3B2DF72D0FF015004DFF1D /* TradingUITests.xctest */ = {isa = PBXFileReference; explicitFileType = wrapper.cfbundle; includeInIndex = 0; path = TradingUITests.xctest; sourceTree = BUILT_PRODUCTS_DIR; };
/* End PBXFileReference section */

/* Begin PBXFileSystemSynchronizedRootGroup section */
		FF3B2DDD2D0FF012004DFF1D /* Trading */ = {
			isa = PBXFileSystemSynchronizedRootGroup;
			path = Trading;
			sourceTree = "<group>";
		};
		FF3B2DF02D0FF015004DFF1D /* TradingTests */ = {
			isa = PBXFileSystemSynchronizedRootGroup;
			path = TradingTests;
			sourceTree = "<group>";
		};
		FF3B2DFA2D0FF015004DFF1D /* TradingUITests */ = {
			isa = PBXFileSystemSynchronizedRootGroup;
			path = TradingUITests;
			sourceTree = "<group>";
		};
/* End PBXFileSystemSynchronizedRootGroup section */

/* Begin PBXFrameworksBuildPhase section */
		FF3B2DD82D0FF012004DFF1D /* Frameworks */ = {
			isa = PBXFrameworksBuildPhase;
			buildActionMask = 2147483647;
			files = (
			);
			runOnlyForDeploymentPostprocessing = 0;
		};
		FF3B2DEA2D0FF015004DFF1D /* Frameworks */ = {
			isa = PBXFrameworksBuildPhase;
			buildActionMask = 2147483647;
			files = (
			);
			runOnlyForDeploymentPostprocessing = 0;
		};
		FF3B2DF42D0FF015004DFF1D /* Frameworks */ = {
			isa = PBXFrameworksBuildPhase;
			buildActionMask = 2147483647;
			files = (
			);
			runOnlyForDeploymentPostprocessing = 0;
		};
/* End PBXFrameworksBuildPhase section */

/* Begin PBXGroup section */
		FF3B2DD22D0FF012004DFF1D = {
			isa = PBXGroup;
			children = (
				FF3B2DDD2D0FF012004DFF1D /* Trading */,
				FF3B2DF02D0FF015004DFF1D /* TradingTests */,
				FF3B2DFA2D0FF015004DFF1D /* TradingUITests */,
				FF3B2DDC2D0FF012004DFF1D /* Products */,
			);
			sourceTree = "<group>";
		};
		FF3B2DDC2D0FF012004DFF1D /* Products */ = {
			isa = PBXGroup;
			children = (
				FF3B2DDB2D0FF012004DFF1D /* Trading.app */,
				FF3B2DED2D0FF015004DFF1D /* TradingTests.xctest */,
				FF3B2DF72D0FF015004DFF1D /* TradingUITests.xctest */,
			);
			name = Products;
			sourceTree = "<group>";
		};
/* End PBXGroup section */

/* Begin PBXNativeTarget section */
		FF3B2DDA2D0FF012004DFF1D /* Trading */ = {
			isa = PBXNativeTarget;
			buildConfigurationList = FF3B2E012D0FF015004DFF1D /* Build configuration list for PBXNativeTarget "Trading" */;
			buildPhases = (
				FF3B2DD72D0FF012004DFF1D /* Sources */,
				FF3B2DD82D0FF012004DFF1D /* Frameworks */,
				FF3B2DD92D0FF012004DFF1D /* Resources */,
			);
			buildRules = (
			);
			dependencies = (
			);
			fileSystemSynchronizedGroups = (
				FF3B2DDD2D0FF012004DFF1D /* Trading */,
			);
			name = Trading;
			packageProductDependencies = (
			);
			productName = Trading;
			productReference = FF3B2DDB2D0FF012004DFF1D /* Trading.app */;
			productType = "com.apple.product-type.application";
		};
		FF3B2DEC2D0FF015004DFF1D /* TradingTests */ = {
			isa = PBXNativeTarget;
			buildConfigurationList = FF3B2E042D0FF015004DFF1D /* Build configuration list for PBXNativeTarget "TradingTests" */;
			buildPhases = (
				FF3B2DE92D0FF015004DFF1D /* Sources */,
				FF3B2DEA2D0FF015004DFF1D /* Frameworks */,
				FF3B2DEB2D0FF015004DFF1D /* Resources */,
			);
			buildRules = (
			);
			dependencies = (
				FF3B2DEF2D0FF015004DFF1D /* PBXTargetDependency */,
			);
			fileSystemSynchronizedGroups = (
				FF3B2DF02D0FF015004DFF1D /* TradingTests */,
			);
			name = TradingTests;
			packageProductDependencies = (
			);
			productName = TradingTests;
			productReference = FF3B2DED2D0FF015004DFF1D /* TradingTests.xctest */;
			productType = "com.apple.product-type.bundle.unit-test";
		};
		FF3B2DF62D0FF015004DFF1D /* TradingUITests */ = {
			isa = PBXNativeTarget;
			buildConfigurationList = FF3B2E072D0FF015004DFF1D /* Build configuration list for PBXNativeTarget "TradingUITests" */;
			buildPhases = (
				FF3B2DF32D0FF015004DFF1D /* Sources */,
				FF3B2DF42D0FF015004DFF1D /* Frameworks */,
				FF3B2DF52D0FF015004DFF1D /* Resources */,
			);
			buildRules = (
			);
			dependencies = (
				FF3B2DF92D0FF015004DFF1D /* PBXTargetDependency */,
			);
			fileSystemSynchronizedGroups = (
				FF3B2DFA2D0FF015004DFF1D /* TradingUITests */,
			);
			name = TradingUITests;
			packageProductDependencies = (
			);
			productName = TradingUITests;
			productReference = FF3B2DF72D0FF015004DFF1D /* TradingUITests.xctest */;
			productType = "com.apple.product-type.bundle.ui-testing";
		};
/* End PBXNativeTarget section */

/* Begin PBXProject section */
		FF3B2DD32D0FF012004DFF1D /* Project object */ = {
			isa = PBXProject;
			attributes = {
				BuildIndependentTargetsInParallel = 1;
				LastSwiftUpdateCheck = 1610;
				LastUpgradeCheck = 1610;
				TargetAttributes = {
					FF3B2DDA2D0FF012004DFF1D = {
						CreatedOnToolsVersion = 16.1;
					};
					FF3B2DEC2D0FF015004DFF1D = {
						CreatedOnToolsVersion = 16.1;
						TestTargetID = FF3B2DDA2D0FF012004DFF1D;
					};
					FF3B2DF62D0FF015004DFF1D = {
						CreatedOnToolsVersion = 16.1;
						TestTargetID = FF3B2DDA2D0FF012004DFF1D;
					};
				};
			};
			buildConfigurationList = FF3B2DD62D0FF012004DFF1D /* Build configuration list for PBXProject "Trading" */;
			developmentRegion = en;
			hasScannedForEncodings = 0;
			knownRegions = (
				en,
				Base,
			);
			mainGroup = FF3B2DD22D0FF012004DFF1D;
			minimizedProjectReferenceProxies = 1;
			preferredProjectObjectVersion = 77;
			productRefGroup = FF3B2DDC2D0FF012004DFF1D /* Products */;
			projectDirPath = "";
			projectRoot = "";
			targets = (
				FF3B2DDA2D0FF012004DFF1D /* Trading */,
				FF3B2DEC2D0FF015004DFF1D /* TradingTests */,
				FF3B2DF62D0FF015004DFF1D /* TradingUITests */,
			);
		};
/* End PBXProject section */

/* Begin PBXResourcesBuildPhase section */
		FF3B2DD92D0FF012004DFF1D /* Resources */ = {
			isa = PBXResourcesBuildPhase;
			buildActionMask = 2147483647;
			files = (
			);
			runOnlyForDeploymentPostprocessing = 0;
		};
		FF3B2DEB2D0FF015004DFF1D /* Resources */ = {
			isa = PBXResourcesBuildPhase;
			buildActionMask = 2147483647;
			files = (
			);
			runOnlyForDeploymentPostprocessing = 0;
		};
		FF3B2DF52D0FF015004DFF1D /* Resources */ = {
			isa = PBXResourcesBuildPhase;
			buildActionMask = 2147483647;
			files = (
			);
			runOnlyForDeploymentPostprocessing = 0;
		};
/* End PBXResourcesBuildPhase section */

/* Begin PBXSourcesBuildPhase section */
		FF3B2DD72D0FF012004DFF1D /* Sources */ = {
			isa = PBXSourcesBuildPhase;
			buildActionMask = 2147483647;
			files = (
			);
			runOnlyForDeploymentPostprocessing = 0;
		};
		FF3B2DE92D0FF015004DFF1D /* Sources */ = {
			isa = PBXSourcesBuildPhase;
			buildActionMask = 2147483647;
			files = (
			);
			runOnlyForDeploymentPostprocessing = 0;
		};
		FF3B2DF32D0FF015004DFF1D /* Sources */ = {
			isa = PBXSourcesBuildPhase;
			buildActionMask = 2147483647;
			files = (
			);
			runOnlyForDeploymentPostprocessing = 0;
		};
/* End PBXSourcesBuildPhase section */

/* Begin PBXTargetDependency section */
		FF3B2DEF2D0FF015004DFF1D /* PBXTargetDependency */ = {
			isa = PBXTargetDependency;
			target = FF3B2DDA2D0FF012004DFF1D /* Trading */;
			targetProxy = FF3B2DEE2D0FF015004DFF1D /* PBXContainerItemProxy */;
		};
		FF3B2DF92D0FF015004DFF1D /* PBXTargetDependency */ = {
			isa = PBXTargetDependency;
			target = FF3B2DDA2D0FF012004DFF1D /* Trading */;
			targetProxy = FF3B2DF82D0FF015004DFF1D /* PBXContainerItemProxy */;
		};
/* End PBXTargetDependency section */

/* Begin XCBuildConfiguration section */
		FF3B2DFF2D0FF015004DFF1D /* Debug */ = {
			isa = XCBuildConfiguration;
			buildSettings = {
				ALWAYS_SEARCH_USER_PATHS = NO;
				ASSETCATALOG_COMPILER_GENERATE_SWIFT_ASSET_SYMBOL_EXTENSIONS = YES;
				CLANG_ANALYZER_NONNULL = YES;
				CLANG_ANALYZER_NUMBER_OBJECT_CONVERSION = YES_AGGRESSIVE;
				CLANG_CXX_LANGUAGE_STANDARD = "gnu++20";
				CLANG_ENABLE_MODULES = YES;
				CLANG_ENABLE_OBJC_ARC = YES;
				CLANG_ENABLE_OBJC_WEAK = YES;
				CLANG_WARN_BLOCK_CAPTURE_AUTORELEASING = YES;
				CLANG_WARN_BOOL_CONVERSION = YES;
				CLANG_WARN_COMMA = YES;
				CLANG_WARN_CONSTANT_CONVERSION = YES;
				CLANG_WARN_DEPRECATED_OBJC_IMPLEMENTATIONS = YES;
				CLANG_WARN_DIRECT_OBJC_ISA_USAGE = YES_ERROR;
				CLANG_WARN_DOCUMENTATION_COMMENTS = YES;
				CLANG_WARN_EMPTY_BODY = YES;
				CLANG_WARN_ENUM_CONVERSION = YES;
				CLANG_WARN_INFINITE_RECURSION = YES;
				CLANG_WARN_INT_CONVERSION = YES;
				CLANG_WARN_NON_LITERAL_NULL_CONVERSION = YES;
				CLANG_WARN_OBJC_IMPLICIT_RETAIN_SELF = YES;
				CLANG_WARN_OBJC_LITERAL_CONVERSION = YES;
				CLANG_WARN_OBJC_ROOT_CLASS = YES_ERROR;
				CLANG_WARN_QUOTED_INCLUDE_IN_FRAMEWORK_HEADER = YES;
				CLANG_WARN_RANGE_LOOP_ANALYSIS = YES;
				CLANG_WARN_STRICT_PROTOTYPES = YES;
				CLANG_WARN_SUSPICIOUS_MOVE = YES;
				CLANG_WARN_UNGUARDED_AVAILABILITY = YES_AGGRESSIVE;
				CLANG_WARN_UNREACHABLE_CODE = YES;
				CLANG_WARN__DUPLICATE_METHOD_MATCH = YES;
				COPY_PHASE_STRIP = NO;
				DEBUG_INFORMATION_FORMAT = dwarf;
				ENABLE_STRICT_OBJC_MSGSEND = YES;
				ENABLE_TESTABILITY = YES;
				ENABLE_USER_SCRIPT_SANDBOXING = YES;
				GCC_C_LANGUAGE_STANDARD = gnu17;
				GCC_DYNAMIC_NO_PIC = NO;
				GCC_NO_COMMON_BLOCKS = YES;
				GCC_OPTIMIZATION_LEVEL = 0;
				GCC_PREPROCESSOR_DEFINITIONS = (
					"DEBUG=1",
					"$(inherited)",
				);
				GCC_WARN_64_TO_32_BIT_CONVERSION = YES;
				GCC_WARN_ABOUT_RETURN_TYPE = YES_ERROR;
				GCC_WARN_UNDECLARED_SELECTOR = YES;
				GCC_WARN_UNINITIALIZED_AUTOS = YES_AGGRESSIVE;
				GCC_WARN_UNUSED_FUNCTION = YES;
				GCC_WARN_UNUSED_VARIABLE = YES;
				IPHONEOS_DEPLOYMENT_TARGET = 18.1;
				LOCALIZATION_PREFERS_STRING_CATALOGS = YES;
				MTL_ENABLE_DEBUG_INFO = INCLUDE_SOURCE;
				MTL_FAST_MATH = YES;
				ONLY_ACTIVE_ARCH = YES;
				SDKROOT = iphoneos;
				SWIFT_ACTIVE_COMPILATION_CONDITIONS = "DEBUG $(inherited)";
				SWIFT_OPTIMIZATION_LEVEL = "-Onone";
			};
			name = Debug;
		};
		FF3B2E002D0FF015004DFF1D /* Release */ = {
			isa = XCBuildConfiguration;
			buildSettings = {
				ALWAYS_SEARCH_USER_PATHS = NO;
				ASSETCATALOG_COMPILER_GENERATE_SWIFT_ASSET_SYMBOL_EXTENSIONS = YES;
				CLANG_ANALYZER_NONNULL = YES;
				CLANG_ANALYZER_NUMBER_OBJECT_CONVERSION = YES_AGGRESSIVE;
				CLANG_CXX_LANGUAGE_STANDARD = "gnu++20";
				CLANG_ENABLE_MODULES = YES;
				CLANG_ENABLE_OBJC_ARC = YES;
				CLANG_ENABLE_OBJC_WEAK = YES;
				CLANG_WARN_BLOCK_CAPTURE_AUTORELEASING = YES;
				CLANG_WARN_BOOL_CONVERSION = YES;
				CLANG_WARN_COMMA = YES;
				CLANG_WARN_CONSTANT_CONVERSION = YES;
				CLANG_WARN_DEPRECATED_OBJC_IMPLEMENTATIONS = YES;
				CLANG_WARN_DIRECT_OBJC_ISA_USAGE = YES_ERROR;
				CLANG_WARN_DOCUMENTATION_COMMENTS = YES;
				CLANG_WARN_EMPTY_BODY = YES;
				CLANG_WARN_ENUM_CONVERSION = YES;
				CLANG_WARN_INFINITE_RECURSION = YES;
				CLANG_WARN_INT_CONVERSION = YES;
				CLANG_WARN_NON_LITERAL_NULL_CONVERSION = YES;
				CLANG_WARN_OBJC_IMPLICIT_RETAIN_SELF = YES;
				CLANG_WARN_OBJC_LITERAL_CONVERSION = YES;
				CLANG_WARN_OBJC_ROOT_CLASS = YES_ERROR;
				CLANG_WARN_QUOTED_INCLUDE_IN_FRAMEWORK_HEADER = YES;
				CLANG_WARN_RANGE_LOOP_ANALYSIS = YES;
				CLANG_WARN_STRICT_PROTOTYPES = YES;
				CLANG_WARN_SUSPICIOUS_MOVE = YES;
				CLANG_WARN_UNGUARDED_AVAILABILITY = YES_AGGRESSIVE;
				CLANG_WARN_UNREACHABLE_CODE = YES;
				CLANG_WARN__DUPLICATE_METHOD_MATCH = YES;
				COPY_PHASE_STRIP = NO;
				DEBUG_INFORMATION_FORMAT = "dwarf-with-dsym";
				ENABLE_NS_ASSERTIONS = NO;
				ENABLE_STRICT_OBJC_MSGSEND = YES;
				ENABLE_USER_SCRIPT_SANDBOXING = YES;
				GCC_C_LANGUAGE_STANDARD = gnu17;
				GCC_NO_COMMON_BLOCKS = YES;
				GCC_WARN_64_TO_32_BIT_CONVERSION = YES;
				GCC_WARN_ABOUT_RETURN_TYPE = YES_ERROR;
				GCC_WARN_UNDECLARED_SELECTOR = YES;
				GCC_WARN_UNINITIALIZED_AUTOS = YES_AGGRESSIVE;
				GCC_WARN_UNUSED_FUNCTION = YES;
				GCC_WARN_UNUSED_VARIABLE = YES;
				IPHONEOS_DEPLOYMENT_TARGET = 18.1;
				LOCALIZATION_PREFERS_STRING_CATALOGS = YES;
				MTL_ENABLE_DEBUG_INFO = NO;
				MTL_FAST_MATH = YES;
				SDKROOT = iphoneos;
				SWIFT_COMPILATION_MODE = wholemodule;
				VALIDATE_PRODUCT = YES;
			};
			name = Release;
		};
		FF3B2E022D0FF015004DFF1D /* Debug */ = {
			isa = XCBuildConfiguration;
			buildSettings = {
				ASSETCATALOG_COMPILER_APPICON_NAME = AppIcon;
				ASSETCATALOG_COMPILER_GLOBAL_ACCENT_COLOR_NAME = AccentColor;
				CODE_SIGN_STYLE = Automatic;
				CURRENT_PROJECT_VERSION = 1;
				DEVELOPMENT_ASSET_PATHS = "\"Trading/Preview Content\"";
				DEVELOPMENT_TEAM = 74249RB86N;
				ENABLE_PREVIEWS = YES;
				GENERATE_INFOPLIST_FILE = YES;
				INFOPLIST_KEY_UIApplicationSceneManifest_Generation = YES;
				INFOPLIST_KEY_UIApplicationSupportsIndirectInputEvents = YES;
				INFOPLIST_KEY_UILaunchScreen_Generation = YES;
				INFOPLIST_KEY_UISupportedInterfaceOrientations_iPad = "UIInterfaceOrientationPortrait UIInterfaceOrientationPortraitUpsideDown UIInterfaceOrientationLandscapeLeft UIInterfaceOrientationLandscapeRight";
				INFOPLIST_KEY_UISupportedInterfaceOrientations_iPhone = "UIInterfaceOrientationPortrait UIInterfaceOrientationLandscapeLeft UIInterfaceOrientationLandscapeRight";
				LD_RUNPATH_SEARCH_PATHS = (
					"$(inherited)",
					"@executable_path/Frameworks",
				);
				MARKETING_VERSION = 1.0;
				PRODUCT_BUNDLE_IDENTIFIER = com.cale.Trading;
				PRODUCT_NAME = "$(TARGET_NAME)";
				SWIFT_EMIT_LOC_STRINGS = YES;
				SWIFT_VERSION = 5.0;
				TARGETED_DEVICE_FAMILY = "1,2";
			};
			name = Debug;
		};
		FF3B2E032D0FF015004DFF1D /* Release */ = {
			isa = XCBuildConfiguration;
			buildSettings = {
				ASSETCATALOG_COMPILER_APPICON_NAME = AppIcon;
				ASSETCATALOG_COMPILER_GLOBAL_ACCENT_COLOR_NAME = AccentColor;
				CODE_SIGN_STYLE = Automatic;
				CURRENT_PROJECT_VERSION = 1;
				DEVELOPMENT_ASSET_PATHS = "\"Trading/Preview Content\"";
				DEVELOPMENT_TEAM = 74249RB86N;
				ENABLE_PREVIEWS = YES;
				GENERATE_INFOPLIST_FILE = YES;
				INFOPLIST_KEY_UIApplicationSceneManifest_Generation = YES;
				INFOPLIST_KEY_UIApplicationSupportsIndirectInputEvents = YES;
				INFOPLIST_KEY_UILaunchScreen_Generation = YES;
				INFOPLIST_KEY_UISupportedInterfaceOrientations_iPad = "UIInterfaceOrientationPortrait UIInterfaceOrientationPortraitUpsideDown UIInterfaceOrientationLandscapeLeft UIInterfaceOrientationLandscapeRight";
				INFOPLIST_KEY_UISupportedInterfaceOrientations_iPhone = "UIInterfaceOrientationPortrait UIInterfaceOrientationLandscapeLeft UIInterfaceOrientationLandscapeRight";
				LD_RUNPATH_SEARCH_PATHS = (
					"$(inherited)",
					"@executable_path/Frameworks",
				);
				MARKETING_VERSION = 1.0;
				PRODUCT_BUNDLE_IDENTIFIER = com.cale.Trading;
				PRODUCT_NAME = "$(TARGET_NAME)";
				SWIFT_EMIT_LOC_STRINGS = YES;
				SWIFT_VERSION = 5.0;
				TARGETED_DEVICE_FAMILY = "1,2";
			};
			name = Release;
		};
		FF3B2E052D0FF015004DFF1D /* Debug */ = {
			isa = XCBuildConfiguration;
			buildSettings = {
				BUNDLE_LOADER = "$(TEST_HOST)";
				CODE_SIGN_STYLE = Automatic;
				CURRENT_PROJECT_VERSION = 1;
				DEVELOPMENT_TEAM = 74249RB86N;
				GENERATE_INFOPLIST_FILE = YES;
				IPHONEOS_DEPLOYMENT_TARGET = 18.1;
				MARKETING_VERSION = 1.0;
				PRODUCT_BUNDLE_IDENTIFIER = com.cale.TradingTests;
				PRODUCT_NAME = "$(TARGET_NAME)";
				SWIFT_EMIT_LOC_STRINGS = NO;
				SWIFT_VERSION = 5.0;
				TARGETED_DEVICE_FAMILY = "1,2";
				TEST_HOST = "$(BUILT_PRODUCTS_DIR)/Trading.app/$(BUNDLE_EXECUTABLE_FOLDER_PATH)/Trading";
			};
			name = Debug;
		};
		FF3B2E062D0FF015004DFF1D /* Release */ = {
			isa = XCBuildConfiguration;
			buildSettings = {
				BUNDLE_LOADER = "$(TEST_HOST)";
				CODE_SIGN_STYLE = Automatic;
				CURRENT_PROJECT_VERSION = 1;
				DEVELOPMENT_TEAM = 74249RB86N;
				GENERATE_INFOPLIST_FILE = YES;
				IPHONEOS_DEPLOYMENT_TARGET = 18.1;
				MARKETING_VERSION = 1.0;
				PRODUCT_BUNDLE_IDENTIFIER = com.cale.TradingTests;
				PRODUCT_NAME = "$(TARGET_NAME)";
				SWIFT_EMIT_LOC_STRINGS = NO;
				SWIFT_VERSION = 5.0;
				TARGETED_DEVICE_FAMILY = "1,2";
				TEST_HOST = "$(BUILT_PRODUCTS_DIR)/Trading.app/$(BUNDLE_EXECUTABLE_FOLDER_PATH)/Trading";
			};
			name = Release;
		};
		FF3B2E082D0FF015004DFF1D /* Debug */ = {
			isa = XCBuildConfiguration;
			buildSettings = {
				CODE_SIGN_STYLE = Automatic;
				CURRENT_PROJECT_VERSION = 1;
				DEVELOPMENT_TEAM = 74249RB86N;
				GENERATE_INFOPLIST_FILE = YES;
				MARKETING_VERSION = 1.0;
				PRODUCT_BUNDLE_IDENTIFIER = com.cale.TradingUITests;
				PRODUCT_NAME = "$(TARGET_NAME)";
				SWIFT_EMIT_LOC_STRINGS = NO;
				SWIFT_VERSION = 5.0;
				TARGETED_DEVICE_FAMILY = "1,2";
				TEST_TARGET_NAME = Trading;
			};
			name = Debug;
		};
		FF3B2E092D0FF015004DFF1D /* Release */ = {
			isa = XCBuildConfiguration;
			buildSettings = {
				CODE_SIGN_STYLE = Automatic;
				CURRENT_PROJECT_VERSION = 1;
				DEVELOPMENT_TEAM = 74249RB86N;
				GENERATE_INFOPLIST_FILE = YES;
				MARKETING_VERSION = 1.0;
				PRODUCT_BUNDLE_IDENTIFIER = com.cale.TradingUITests;
				PRODUCT_NAME = "$(TARGET_NAME)";
				SWIFT_EMIT_LOC_STRINGS = NO;
				SWIFT_VERSION = 5.0;
				TARGETED_DEVICE_FAMILY = "1,2";
				TEST_TARGET_NAME = Trading;
			};
			name = Release;
		};
/* End XCBuildConfiguration section */

/* Begin XCConfigurationList section */
		FF3B2DD62D0FF012004DFF1D /* Build configuration list for PBXProject "Trading" */ = {
			isa = XCConfigurationList;
			buildConfigurations = (
				FF3B2DFF2D0FF015004DFF1D /* Debug */,
				FF3B2E002D0FF015004DFF1D /* Release */,
			);
			defaultConfigurationIsVisible = 0;
			defaultConfigurationName = Release;
		};
		FF3B2E012D0FF015004DFF1D /* Build configuration list for PBXNativeTarget "Trading" */ = {
			isa = XCConfigurationList;
			buildConfigurations = (
				FF3B2E022D0FF015004DFF1D /* Debug */,
				FF3B2E032D0FF015004DFF1D /* Release */,
			);
			defaultConfigurationIsVisible = 0;
			defaultConfigurationName = Release;
		};
		FF3B2E042D0FF015004DFF1D /* Build configuration list for PBXNativeTarget "TradingTests" */ = {
			isa = XCConfigurationList;
			buildConfigurations = (
				FF3B2E052D0FF015004DFF1D /* Debug */,
				FF3B2E062D0FF015004DFF1D /* Release */,
			);
			defaultConfigurationIsVisible = 0;
			defaultConfigurationName = Release;
		};
		FF3B2E072D0FF015004DFF1D /* Build configuration list for PBXNativeTarget "TradingUITests" */ = {
			isa = XCConfigurationList;
			buildConfigurations = (
				FF3B2E082D0FF015004DFF1D /* Debug */,
				FF3B2E092D0FF015004DFF1D /* Release */,
			);
			defaultConfigurationIsVisible = 0;
			defaultConfigurationName = Release;
		};
/* End XCConfigurationList section */
	};
	rootObject = FF3B2DD32D0FF012004DFF1D /* Project object */;
}
