// !$*UTF8*$!
{
	archiveVersion = 1;
	classes = {
	};
	objectVersion = 77;
	objects = {

/* Begin PBXContainerItemProxy section */
		FF8A96DF2D3F2E8E00E2040C /* PBXContainerItemProxy */ = {
			isa = PBXContainerItemProxy;
			containerPortal = FF8A96C32D3F2E8B00E2040C /* Project object */;
			proxyType = 1;
			remoteGlobalIDString = FF8A96CA2D3F2E8C00E2040C;
			remoteInfo = FINALDONETRADING;
		};
		FF8A96E92D3F2E8E00E2040C /* PBXContainerItemProxy */ = {
			isa = PBXContainerItemProxy;
			containerPortal = FF8A96C32D3F2E8B00E2040C /* Project object */;
			proxyType = 1;
			remoteGlobalIDString = FF8A96CA2D3F2E8C00E2040C;
			remoteInfo = FINALDONETRADING;
		};
/* End PBXContainerItemProxy section */

/* Begin PBXFileReference section */
		FF8A96CB2D3F2E8C00E2040C /* FINALDONETRADING.app */ = {isa = PBXFileReference; explicitFileType = wrapper.application; includeInIndex = 0; path = FINALDONETRADING.app; sourceTree = BUILT_PRODUCTS_DIR; };
		FF8A96DE2D3F2E8E00E2040C /* FINALDONETRADINGTests.xctest */ = {isa = PBXFileReference; explicitFileType = wrapper.cfbundle; includeInIndex = 0; path = FINALDONETRADINGTests.xctest; sourceTree = BUILT_PRODUCTS_DIR; };
		FF8A96E82D3F2E8E00E2040C /* FINALDONETRADINGUITests.xctest */ = {isa = PBXFileReference; explicitFileType = wrapper.cfbundle; includeInIndex = 0; path = FINALDONETRADINGUITests.xctest; sourceTree = BUILT_PRODUCTS_DIR; };
/* End PBXFileReference section */

/* Begin PBXFileSystemSynchronizedRootGroup section */
		FF8A96CD2D3F2E8C00E2040C /* FINALDONETRADING */ = {
			isa = PBXFileSystemSynchronizedRootGroup;
			path = FINALDONETRADING;
			sourceTree = "<group>";
		};
		FF8A96E12D3F2E8E00E2040C /* FINALDONETRADINGTests */ = {
			isa = PBXFileSystemSynchronizedRootGroup;
			path = FINALDONETRADINGTests;
			sourceTree = "<group>";
		};
		FF8A96EB2D3F2E8E00E2040C /* FINALDONETRADINGUITests */ = {
			isa = PBXFileSystemSynchronizedRootGroup;
			path = FINALDONETRADINGUITests;
			sourceTree = "<group>";
		};
/* End PBXFileSystemSynchronizedRootGroup section */

/* Begin PBXFrameworksBuildPhase section */
		FF8A96C82D3F2E8C00E2040C /* Frameworks */ = {
			isa = PBXFrameworksBuildPhase;
			buildActionMask = 2147483647;
			files = (
			);
			runOnlyForDeploymentPostprocessing = 0;
		};
		FF8A96DB2D3F2E8E00E2040C /* Frameworks */ = {
			isa = PBXFrameworksBuildPhase;
			buildActionMask = 2147483647;
			files = (
			);
			runOnlyForDeploymentPostprocessing = 0;
		};
		FF8A96E52D3F2E8E00E2040C /* Frameworks */ = {
			isa = PBXFrameworksBuildPhase;
			buildActionMask = 2147483647;
			files = (
			);
			runOnlyForDeploymentPostprocessing = 0;
		};
/* End PBXFrameworksBuildPhase section */

/* Begin PBXGroup section */
		FF8A96C22D3F2E8B00E2040C = {
			isa = PBXGroup;
			children = (
				FF8A96CD2D3F2E8C00E2040C /* FINALDONETRADING */,
				FF8A96E12D3F2E8E00E2040C /* FINALDONETRADINGTests */,
				FF8A96EB2D3F2E8E00E2040C /* FINALDONETRADINGUITests */,
				FF8A96CC2D3F2E8C00E2040C /* Products */,
			);
			sourceTree = "<group>";
		};
		FF8A96CC2D3F2E8C00E2040C /* Products */ = {
			isa = PBXGroup;
			children = (
				FF8A96CB2D3F2E8C00E2040C /* FINALDONETRADING.app */,
				FF8A96DE2D3F2E8E00E2040C /* FINALDONETRADINGTests.xctest */,
				FF8A96E82D3F2E8E00E2040C /* FINALDONETRADINGUITests.xctest */,
			);
			name = Products;
			sourceTree = "<group>";
		};
/* End PBXGroup section */

/* Begin PBXNativeTarget section */
		FF8A96CA2D3F2E8C00E2040C /* FINALDONETRADING */ = {
			isa = PBXNativeTarget;
			buildConfigurationList = FF8A96F22D3F2E8E00E2040C /* Build configuration list for PBXNativeTarget "FINALDONETRADING" */;
			buildPhases = (
				FF8A96C72D3F2E8C00E2040C /* Sources */,
				FF8A96C82D3F2E8C00E2040C /* Frameworks */,
				FF8A96C92D3F2E8C00E2040C /* Resources */,
			);
			buildRules = (
			);
			dependencies = (
			);
			fileSystemSynchronizedGroups = (
				FF8A96CD2D3F2E8C00E2040C /* FINALDONETRADING */,
			);
			name = FINALDONETRADING;
			packageProductDependencies = (
			);
			productName = FINALDONETRADING;
			productReference = FF8A96CB2D3F2E8C00E2040C /* FINALDONETRADING.app */;
			productType = "com.apple.product-type.application";
		};
		FF8A96DD2D3F2E8E00E2040C /* FINALDONETRADINGTests */ = {
			isa = PBXNativeTarget;
			buildConfigurationList = FF8A96F52D3F2E8E00E2040C /* Build configuration list for PBXNativeTarget "FINALDONETRADINGTests" */;
			buildPhases = (
				FF8A96DA2D3F2E8E00E2040C /* Sources */,
				FF8A96DB2D3F2E8E00E2040C /* Frameworks */,
				FF8A96DC2D3F2E8E00E2040C /* Resources */,
			);
			buildRules = (
			);
			dependencies = (
				FF8A96E02D3F2E8E00E2040C /* PBXTargetDependency */,
			);
			fileSystemSynchronizedGroups = (
				FF8A96E12D3F2E8E00E2040C /* FINALDONETRADINGTests */,
			);
			name = FINALDONETRADINGTests;
			packageProductDependencies = (
			);
			productName = FINALDONETRADINGTests;
			productReference = FF8A96DE2D3F2E8E00E2040C /* FINALDONETRADINGTests.xctest */;
			productType = "com.apple.product-type.bundle.unit-test";
		};
		FF8A96E72D3F2E8E00E2040C /* FINALDONETRADINGUITests */ = {
			isa = PBXNativeTarget;
			buildConfigurationList = FF8A96F82D3F2E8E00E2040C /* Build configuration list for PBXNativeTarget "FINALDONETRADINGUITests" */;
			buildPhases = (
				FF8A96E42D3F2E8E00E2040C /* Sources */,
				FF8A96E52D3F2E8E00E2040C /* Frameworks */,
				FF8A96E62D3F2E8E00E2040C /* Resources */,
			);
			buildRules = (
			);
			dependencies = (
				FF8A96EA2D3F2E8E00E2040C /* PBXTargetDependency */,
			);
			fileSystemSynchronizedGroups = (
				FF8A96EB2D3F2E8E00E2040C /* FINALDONETRADINGUITests */,
			);
			name = FINALDONETRADINGUITests;
			packageProductDependencies = (
			);
			productName = FINALDONETRADINGUITests;
			productReference = FF8A96E82D3F2E8E00E2040C /* FINALDONETRADINGUITests.xctest */;
			productType = "com.apple.product-type.bundle.ui-testing";
		};
/* End PBXNativeTarget section */

/* Begin PBXProject section */
		FF8A96C32D3F2E8B00E2040C /* Project object */ = {
			isa = PBXProject;
			attributes = {
				BuildIndependentTargetsInParallel = 1;
				LastSwiftUpdateCheck = 1610;
				LastUpgradeCheck = 1610;
				TargetAttributes = {
					FF8A96CA2D3F2E8C00E2040C = {
						CreatedOnToolsVersion = 16.1;
					};
					FF8A96DD2D3F2E8E00E2040C = {
						CreatedOnToolsVersion = 16.1;
						TestTargetID = FF8A96CA2D3F2E8C00E2040C;
					};
					FF8A96E72D3F2E8E00E2040C = {
						CreatedOnToolsVersion = 16.1;
						TestTargetID = FF8A96CA2D3F2E8C00E2040C;
					};
				};
			};
			buildConfigurationList = FF8A96C62D3F2E8B00E2040C /* Build configuration list for PBXProject "FINALDONETRADING" */;
			developmentRegion = en;
			hasScannedForEncodings = 0;
			knownRegions = (
				en,
				Base,
			);
			mainGroup = FF8A96C22D3F2E8B00E2040C;
			minimizedProjectReferenceProxies = 1;
			preferredProjectObjectVersion = 77;
			productRefGroup = FF8A96CC2D3F2E8C00E2040C /* Products */;
			projectDirPath = "";
			projectRoot = "";
			targets = (
				FF8A96CA2D3F2E8C00E2040C /* FINALDONETRADING */,
				FF8A96DD2D3F2E8E00E2040C /* FINALDONETRADINGTests */,
				FF8A96E72D3F2E8E00E2040C /* FINALDONETRADINGUITests */,
			);
		};
/* End PBXProject section */

/* Begin PBXResourcesBuildPhase section */
		FF8A96C92D3F2E8C00E2040C /* Resources */ = {
			isa = PBXResourcesBuildPhase;
			buildActionMask = 2147483647;
			files = (
			);
			runOnlyForDeploymentPostprocessing = 0;
		};
		FF8A96DC2D3F2E8E00E2040C /* Resources */ = {
			isa = PBXResourcesBuildPhase;
			buildActionMask = 2147483647;
			files = (
			);
			runOnlyForDeploymentPostprocessing = 0;
		};
		FF8A96E62D3F2E8E00E2040C /* Resources */ = {
			isa = PBXResourcesBuildPhase;
			buildActionMask = 2147483647;
			files = (
			);
			runOnlyForDeploymentPostprocessing = 0;
		};
/* End PBXResourcesBuildPhase section */

/* Begin PBXSourcesBuildPhase section */
		FF8A96C72D3F2E8C00E2040C /* Sources */ = {
			isa = PBXSourcesBuildPhase;
			buildActionMask = 2147483647;
			files = (
			);
			runOnlyForDeploymentPostprocessing = 0;
		};
		FF8A96DA2D3F2E8E00E2040C /* Sources */ = {
			isa = PBXSourcesBuildPhase;
			buildActionMask = 2147483647;
			files = (
			);
			runOnlyForDeploymentPostprocessing = 0;
		};
		FF8A96E42D3F2E8E00E2040C /* Sources */ = {
			isa = PBXSourcesBuildPhase;
			buildActionMask = 2147483647;
			files = (
			);
			runOnlyForDeploymentPostprocessing = 0;
		};
/* End PBXSourcesBuildPhase section */

/* Begin PBXTargetDependency section */
		FF8A96E02D3F2E8E00E2040C /* PBXTargetDependency */ = {
			isa = PBXTargetDependency;
			target = FF8A96CA2D3F2E8C00E2040C /* FINALDONETRADING */;
			targetProxy = FF8A96DF2D3F2E8E00E2040C /* PBXContainerItemProxy */;
		};
		FF8A96EA2D3F2E8E00E2040C /* PBXTargetDependency */ = {
			isa = PBXTargetDependency;
			target = FF8A96CA2D3F2E8C00E2040C /* FINALDONETRADING */;
			targetProxy = FF8A96E92D3F2E8E00E2040C /* PBXContainerItemProxy */;
		};
/* End PBXTargetDependency section */

/* Begin XCBuildConfiguration section */
		FF8A96F02D3F2E8E00E2040C /* Debug */ = {
			isa = XCBuildConfiguration;
			buildSettings = {
				ALWAYS_SEARCH_USER_PATHS = NO;
				ASSETCATALOG_COMPILER_GENERATE_SWIFT_ASSET_SYMBOL_EXTENSIONS = YES;
				CLANG_ANALYZER_NONNULL = YES;
				CLANG_ANALYZER_NUMBER_OBJECT_CONVERSION = YES_AGGRESSIVE;
				CLANG_CXX_LANGUAGE_STANDARD = "gnu++20";
				CLANG_ENABLE_MODULES = YES;
				CLANG_ENABLE_OBJC_ARC = YES;
				CLANG_ENABLE_OBJC_WEAK = YES;
				CLANG_WARN_BLOCK_CAPTURE_AUTORELEASING = YES;
				CLANG_WARN_BOOL_CONVERSION = YES;
				CLANG_WARN_COMMA = YES;
				CLANG_WARN_CONSTANT_CONVERSION = YES;
				CLANG_WARN_DEPRECATED_OBJC_IMPLEMENTATIONS = YES;
				CLANG_WARN_DIRECT_OBJC_ISA_USAGE = YES_ERROR;
				CLANG_WARN_DOCUMENTATION_COMMENTS = YES;
				CLANG_WARN_EMPTY_BODY = YES;
				CLANG_WARN_ENUM_CONVERSION = YES;
				CLANG_WARN_INFINITE_RECURSION = YES;
				CLANG_WARN_INT_CONVERSION = YES;
				CLANG_WARN_NON_LITERAL_NULL_CONVERSION = YES;
				CLANG_WARN_OBJC_IMPLICIT_RETAIN_SELF = YES;
				CLANG_WARN_OBJC_LITERAL_CONVERSION = YES;
				CLANG_WARN_OBJC_ROOT_CLASS = YES_ERROR;
				CLANG_WARN_QUOTED_INCLUDE_IN_FRAMEWORK_HEADER = YES;
				CLANG_WARN_RANGE_LOOP_ANALYSIS = YES;
				CLANG_WARN_STRICT_PROTOTYPES = YES;
				CLANG_WARN_SUSPICIOUS_MOVE = YES;
				CLANG_WARN_UNGUARDED_AVAILABILITY = YES_AGGRESSIVE;
				CLANG_WARN_UNREACHABLE_CODE = YES;
				CLANG_WARN__DUPLICATE_METHOD_MATCH = YES;
				COPY_PHASE_STRIP = NO;
				DEBUG_INFORMATION_FORMAT = dwarf;
				ENABLE_STRICT_OBJC_MSGSEND = YES;
				ENABLE_TESTABILITY = YES;
				ENABLE_USER_SCRIPT_SANDBOXING = YES;
				GCC_C_LANGUAGE_STANDARD = gnu17;
				GCC_DYNAMIC_NO_PIC = NO;
				GCC_NO_COMMON_BLOCKS = YES;
				GCC_OPTIMIZATION_LEVEL = 0;
				GCC_PREPROCESSOR_DEFINITIONS = (
					"DEBUG=1",
					"$(inherited)",
				);
				GCC_WARN_64_TO_32_BIT_CONVERSION = YES;
				GCC_WARN_ABOUT_RETURN_TYPE = YES_ERROR;
				GCC_WARN_UNDECLARED_SELECTOR = YES;
				GCC_WARN_UNINITIALIZED_AUTOS = YES_AGGRESSIVE;
				GCC_WARN_UNUSED_FUNCTION = YES;
				GCC_WARN_UNUSED_VARIABLE = YES;
				LOCALIZATION_PREFERS_STRING_CATALOGS = YES;
				MTL_ENABLE_DEBUG_INFO = INCLUDE_SOURCE;
				MTL_FAST_MATH = YES;
				ONLY_ACTIVE_ARCH = YES;
				SWIFT_ACTIVE_COMPILATION_CONDITIONS = "DEBUG $(inherited)";
				SWIFT_OPTIMIZATION_LEVEL = "-Onone";
			};
			name = Debug;
		};
		FF8A96F12D3F2E8E00E2040C /* Release */ = {
			isa = XCBuildConfiguration;
			buildSettings = {
				ALWAYS_SEARCH_USER_PATHS = NO;
				ASSETCATALOG_COMPILER_GENERATE_SWIFT_ASSET_SYMBOL_EXTENSIONS = YES;
				CLANG_ANALYZER_NONNULL = YES;
				CLANG_ANALYZER_NUMBER_OBJECT_CONVERSION = YES_AGGRESSIVE;
				CLANG_CXX_LANGUAGE_STANDARD = "gnu++20";
				CLANG_ENABLE_MODULES = YES;
				CLANG_ENABLE_OBJC_ARC = YES;
				CLANG_ENABLE_OBJC_WEAK = YES;
				CLANG_WARN_BLOCK_CAPTURE_AUTORELEASING = YES;
				CLANG_WARN_BOOL_CONVERSION = YES;
				CLANG_WARN_COMMA = YES;
				CLANG_WARN_CONSTANT_CONVERSION = YES;
				CLANG_WARN_DEPRECATED_OBJC_IMPLEMENTATIONS = YES;
				CLANG_WARN_DIRECT_OBJC_ISA_USAGE = YES_ERROR;
				CLANG_WARN_DOCUMENTATION_COMMENTS = YES;
				CLANG_WARN_EMPTY_BODY = YES;
				CLANG_WARN_ENUM_CONVERSION = YES;
				CLANG_WARN_INFINITE_RECURSION = YES;
				CLANG_WARN_INT_CONVERSION = YES;
				CLANG_WARN_NON_LITERAL_NULL_CONVERSION = YES;
				CLANG_WARN_OBJC_IMPLICIT_RETAIN_SELF = YES;
				CLANG_WARN_OBJC_LITERAL_CONVERSION = YES;
				CLANG_WARN_OBJC_ROOT_CLASS = YES_ERROR;
				CLANG_WARN_QUOTED_INCLUDE_IN_FRAMEWORK_HEADER = YES;
				CLANG_WARN_RANGE_LOOP_ANALYSIS = YES;
				CLANG_WARN_STRICT_PROTOTYPES = YES;
				CLANG_WARN_SUSPICIOUS_MOVE = YES;
				CLANG_WARN_UNGUARDED_AVAILABILITY = YES_AGGRESSIVE;
				CLANG_WARN_UNREACHABLE_CODE = YES;
				CLANG_WARN__DUPLICATE_METHOD_MATCH = YES;
				COPY_PHASE_STRIP = NO;
				DEBUG_INFORMATION_FORMAT = "dwarf-with-dsym";
				ENABLE_NS_ASSERTIONS = NO;
				ENABLE_STRICT_OBJC_MSGSEND = YES;
				ENABLE_USER_SCRIPT_SANDBOXING = YES;
				GCC_C_LANGUAGE_STANDARD = gnu17;
				GCC_NO_COMMON_BLOCKS = YES;
				GCC_WARN_64_TO_32_BIT_CONVERSION = YES;
				GCC_WARN_ABOUT_RETURN_TYPE = YES_ERROR;
				GCC_WARN_UNDECLARED_SELECTOR = YES;
				GCC_WARN_UNINITIALIZED_AUTOS = YES_AGGRESSIVE;
				GCC_WARN_UNUSED_FUNCTION = YES;
				GCC_WARN_UNUSED_VARIABLE = YES;
				LOCALIZATION_PREFERS_STRING_CATALOGS = YES;
				MTL_ENABLE_DEBUG_INFO = NO;
				MTL_FAST_MATH = YES;
				SWIFT_COMPILATION_MODE = wholemodule;
			};
			name = Release;
		};
		FF8A96F32D3F2E8E00E2040C /* Debug */ = {
			isa = XCBuildConfiguration;
			buildSettings = {
				ASSETCATALOG_COMPILER_APPICON_NAME = AppIcon;
				ASSETCATALOG_COMPILER_GLOBAL_ACCENT_COLOR_NAME = AccentColor;
				CODE_SIGN_ENTITLEMENTS = FINALDONETRADING/FINALDONETRADING.entitlements;
				CODE_SIGN_STYLE = Automatic;
				CURRENT_PROJECT_VERSION = 1;
				DEVELOPMENT_ASSET_PATHS = "\"FINALDONETRADING/Preview Content\"";
				ENABLE_PREVIEWS = YES;
				GENERATE_INFOPLIST_FILE = YES;
				"INFOPLIST_KEY_UIApplicationSceneManifest_Generation[sdk=iphoneos*]" = YES;
				"INFOPLIST_KEY_UIApplicationSceneManifest_Generation[sdk=iphonesimulator*]" = YES;
				"INFOPLIST_KEY_UIApplicationSupportsIndirectInputEvents[sdk=iphoneos*]" = YES;
				"INFOPLIST_KEY_UIApplicationSupportsIndirectInputEvents[sdk=iphonesimulator*]" = YES;
				"INFOPLIST_KEY_UILaunchScreen_Generation[sdk=iphoneos*]" = YES;
				"INFOPLIST_KEY_UILaunchScreen_Generation[sdk=iphonesimulator*]" = YES;
				"INFOPLIST_KEY_UIStatusBarStyle[sdk=iphoneos*]" = UIStatusBarStyleDefault;
				"INFOPLIST_KEY_UIStatusBarStyle[sdk=iphonesimulator*]" = UIStatusBarStyleDefault;
				INFOPLIST_KEY_UISupportedInterfaceOrientations_iPad = "UIInterfaceOrientationPortrait UIInterfaceOrientationPortraitUpsideDown UIInterfaceOrientationLandscapeLeft UIInterfaceOrientationLandscapeRight";
				INFOPLIST_KEY_UISupportedInterfaceOrientations_iPhone = "UIInterfaceOrientationPortrait UIInterfaceOrientationLandscapeLeft UIInterfaceOrientationLandscapeRight";
				IPHONEOS_DEPLOYMENT_TARGET = 18.1;
				LD_RUNPATH_SEARCH_PATHS = "@executable_path/Frameworks";
				"LD_RUNPATH_SEARCH_PATHS[sdk=macosx*]" = "@executable_path/../Frameworks";
				MACOSX_DEPLOYMENT_TARGET = 14.0;
				MARKETING_VERSION = 1.0;
				PRODUCT_BUNDLE_IDENTIFIER = com.cale.FINALDONETRADING;
				PRODUCT_NAME = "$(TARGET_NAME)";
				SDKROOT = auto;
				SUPPORTED_PLATFORMS = "iphoneos iphonesimulator macosx xros xrsimulator";
				SWIFT_EMIT_LOC_STRINGS = YES;
				SWIFT_VERSION = 5.0;
				TARGETED_DEVICE_FAMILY = "1,2,7";
				XROS_DEPLOYMENT_TARGET = 2.1;
			};
			name = Debug;
		};
		FF8A96F42D3F2E8E00E2040C /* Release */ = {
			isa = XCBuildConfiguration;
			buildSettings = {
				ASSETCATALOG_COMPILER_APPICON_NAME = AppIcon;
				ASSETCATALOG_COMPILER_GLOBAL_ACCENT_COLOR_NAME = AccentColor;
				CODE_SIGN_ENTITLEMENTS = FINALDONETRADING/FINALDONETRADING.entitlements;
				CODE_SIGN_STYLE = Automatic;
				CURRENT_PROJECT_VERSION = 1;
				DEVELOPMENT_ASSET_PATHS = "\"FINALDONETRADING/Preview Content\"";
				ENABLE_PREVIEWS = YES;
				GENERATE_INFOPLIST_FILE = YES;
				"INFOPLIST_KEY_UIApplicationSceneManifest_Generation[sdk=iphoneos*]" = YES;
				"INFOPLIST_KEY_UIApplicationSceneManifest_Generation[sdk=iphonesimulator*]" = YES;
				"INFOPLIST_KEY_UIApplicationSupportsIndirectInputEvents[sdk=iphoneos*]" = YES;
				"INFOPLIST_KEY_UIApplicationSupportsIndirectInputEvents[sdk=iphonesimulator*]" = YES;
				"INFOPLIST_KEY_UILaunchScreen_Generation[sdk=iphoneos*]" = YES;
				"INFOPLIST_KEY_UILaunchScreen_Generation[sdk=iphonesimulator*]" = YES;
				"INFOPLIST_KEY_UIStatusBarStyle[sdk=iphoneos*]" = UIStatusBarStyleDefault;
				"INFOPLIST_KEY_UIStatusBarStyle[sdk=iphonesimulator*]" = UIStatusBarStyleDefault;
				INFOPLIST_KEY_UISupportedInterfaceOrientations_iPad = "UIInterfaceOrientationPortrait UIInterfaceOrientationPortraitUpsideDown UIInterfaceOrientationLandscapeLeft UIInterfaceOrientationLandscapeRight";
				INFOPLIST_KEY_UISupportedInterfaceOrientations_iPhone = "UIInterfaceOrientationPortrait UIInterfaceOrientationLandscapeLeft UIInterfaceOrientationLandscapeRight";
				IPHONEOS_DEPLOYMENT_TARGET = 18.1;
				LD_RUNPATH_SEARCH_PATHS = "@executable_path/Frameworks";
				"LD_RUNPATH_SEARCH_PATHS[sdk=macosx*]" = "@executable_path/../Frameworks";
				MACOSX_DEPLOYMENT_TARGET = 14.0;
				MARKETING_VERSION = 1.0;
				PRODUCT_BUNDLE_IDENTIFIER = com.cale.FINALDONETRADING;
				PRODUCT_NAME = "$(TARGET_NAME)";
				SDKROOT = auto;
				SUPPORTED_PLATFORMS = "iphoneos iphonesimulator macosx xros xrsimulator";
				SWIFT_EMIT_LOC_STRINGS = YES;
				SWIFT_VERSION = 5.0;
				TARGETED_DEVICE_FAMILY = "1,2,7";
				XROS_DEPLOYMENT_TARGET = 2.1;
			};
			name = Release;
		};
		FF8A96F62D3F2E8E00E2040C /* Debug */ = {
			isa = XCBuildConfiguration;
			buildSettings = {
				BUNDLE_LOADER = "$(TEST_HOST)";
				CODE_SIGN_STYLE = Automatic;
				CURRENT_PROJECT_VERSION = 1;
				GENERATE_INFOPLIST_FILE = YES;
				IPHONEOS_DEPLOYMENT_TARGET = 18.1;
				MACOSX_DEPLOYMENT_TARGET = 15.1;
				MARKETING_VERSION = 1.0;
				PRODUCT_BUNDLE_IDENTIFIER = com.cale.FINALDONETRADINGTests;
				PRODUCT_NAME = "$(TARGET_NAME)";
				SDKROOT = auto;
				SUPPORTED_PLATFORMS = "iphoneos iphonesimulator macosx xros xrsimulator";
				SWIFT_EMIT_LOC_STRINGS = NO;
				SWIFT_VERSION = 5.0;
				TARGETED_DEVICE_FAMILY = "1,2,7";
				TEST_HOST = "$(BUILT_PRODUCTS_DIR)/FINALDONETRADING.app/$(BUNDLE_EXECUTABLE_FOLDER_PATH)/FINALDONETRADING";
				XROS_DEPLOYMENT_TARGET = 2.1;
			};
			name = Debug;
		};
		FF8A96F72D3F2E8E00E2040C /* Release */ = {
			isa = XCBuildConfiguration;
			buildSettings = {
				BUNDLE_LOADER = "$(TEST_HOST)";
				CODE_SIGN_STYLE = Automatic;
				CURRENT_PROJECT_VERSION = 1;
				GENERATE_INFOPLIST_FILE = YES;
				IPHONEOS_DEPLOYMENT_TARGET = 18.1;
				MACOSX_DEPLOYMENT_TARGET = 15.1;
				MARKETING_VERSION = 1.0;
				PRODUCT_BUNDLE_IDENTIFIER = com.cale.FINALDONETRADINGTests;
				PRODUCT_NAME = "$(TARGET_NAME)";
				SDKROOT = auto;
				SUPPORTED_PLATFORMS = "iphoneos iphonesimulator macosx xros xrsimulator";
				SWIFT_EMIT_LOC_STRINGS = NO;
				SWIFT_VERSION = 5.0;
				TARGETED_DEVICE_FAMILY = "1,2,7";
				TEST_HOST = "$(BUILT_PRODUCTS_DIR)/FINALDONETRADING.app/$(BUNDLE_EXECUTABLE_FOLDER_PATH)/FINALDONETRADING";
				XROS_DEPLOYMENT_TARGET = 2.1;
			};
			name = Release;
		};
		FF8A96F92D3F2E8E00E2040C /* Debug */ = {
			isa = XCBuildConfiguration;
			buildSettings = {
				CODE_SIGN_STYLE = Automatic;
				CURRENT_PROJECT_VERSION = 1;
				GENERATE_INFOPLIST_FILE = YES;
				IPHONEOS_DEPLOYMENT_TARGET = 18.1;
				MACOSX_DEPLOYMENT_TARGET = 15.1;
				MARKETING_VERSION = 1.0;
				PRODUCT_BUNDLE_IDENTIFIER = com.cale.FINALDONETRADINGUITests;
				PRODUCT_NAME = "$(TARGET_NAME)";
				SDKROOT = auto;
				SUPPORTED_PLATFORMS = "iphoneos iphonesimulator macosx xros xrsimulator";
				SWIFT_EMIT_LOC_STRINGS = NO;
				SWIFT_VERSION = 5.0;
				TARGETED_DEVICE_FAMILY = "1,2,7";
				TEST_TARGET_NAME = FINALDONETRADING;
				XROS_DEPLOYMENT_TARGET = 2.1;
			};
			name = Debug;
		};
		FF8A96FA2D3F2E8E00E2040C /* Release */ = {
			isa = XCBuildConfiguration;
			buildSettings = {
				CODE_SIGN_STYLE = Automatic;
				CURRENT_PROJECT_VERSION = 1;
				GENERATE_INFOPLIST_FILE = YES;
				IPHONEOS_DEPLOYMENT_TARGET = 18.1;
				MACOSX_DEPLOYMENT_TARGET = 15.1;
				MARKETING_VERSION = 1.0;
				PRODUCT_BUNDLE_IDENTIFIER = com.cale.FINALDONETRADINGUITests;
				PRODUCT_NAME = "$(TARGET_NAME)";
				SDKROOT = auto;
				SUPPORTED_PLATFORMS = "iphoneos iphonesimulator macosx xros xrsimulator";
				SWIFT_EMIT_LOC_STRINGS = NO;
				SWIFT_VERSION = 5.0;
				TARGETED_DEVICE_FAMILY = "1,2,7";
				TEST_TARGET_NAME = FINALDONETRADING;
				XROS_DEPLOYMENT_TARGET = 2.1;
			};
			name = Release;
		};
/* End XCBuildConfiguration section */

/* Begin XCConfigurationList section */
		FF8A96C62D3F2E8B00E2040C /* Build configuration list for PBXProject "FINALDONETRADING" */ = {
			isa = XCConfigurationList;
			buildConfigurations = (
				FF8A96F02D3F2E8E00E2040C /* Debug */,
				FF8A96F12D3F2E8E00E2040C /* Release */,
			);
			defaultConfigurationIsVisible = 0;
			defaultConfigurationName = Release;
		};
		FF8A96F22D3F2E8E00E2040C /* Build configuration list for PBXNativeTarget "FINALDONETRADING" */ = {
			isa = XCConfigurationList;
			buildConfigurations = (
				FF8A96F32D3F2E8E00E2040C /* Debug */,
				FF8A96F42D3F2E8E00E2040C /* Release */,
			);
			defaultConfigurationIsVisible = 0;
			defaultConfigurationName = Release;
		};
		FF8A96F52D3F2E8E00E2040C /* Build configuration list for PBXNativeTarget "FINALDONETRADINGTests" */ = {
			isa = XCConfigurationList;
			buildConfigurations = (
				FF8A96F62D3F2E8E00E2040C /* Debug */,
				FF8A96F72D3F2E8E00E2040C /* Release */,
			);
			defaultConfigurationIsVisible = 0;
			defaultConfigurationName = Release;
		};
		FF8A96F82D3F2E8E00E2040C /* Build configuration list for PBXNativeTarget "FINALDONETRADINGUITests" */ = {
			isa = XCConfigurationList;
			buildConfigurations = (
				FF8A96F92D3F2E8E00E2040C /* Debug */,
				FF8A96FA2D3F2E8E00E2040C /* Release */,
			);
			defaultConfigurationIsVisible = 0;
			defaultConfigurationName = Release;
		};
/* End XCConfigurationList section */
	};
	rootObject = FF8A96C32D3F2E8B00E2040C /* Project object */;
}
